// !$*UTF8*$!
{
	archiveVersion = 1;
	classes = {
	};
	objectVersion = 46;
	objects = {

/* Begin PBXBuildFile section */
		9EA79F291B4307DB0054CA7E /* Base64Anywhere.entitlements in Resources */ = {isa = PBXBuildFile; fileRef = 9EA79F261B4307DB0054CA7E /* Base64Anywhere.entitlements */; };
		9EA79F2B1B430BCD0054CA7E /* Base64Anywhere-Info.plist in Resources */ = {isa = PBXBuildFile; fileRef = 9EA79F2A1B430BCD0054CA7E /* Base64Anywhere-Info.plist */; };
		9EE0A7601B3A6966002E8902 /* Images.xcassets in Resources */ = {isa = PBXBuildFile; fileRef = 9EE0A75F1B3A6966002E8902 /* Images.xcassets */; };
		FC5B917015ED7E1500B5B07C /* Cocoa.framework in Frameworks */ = {isa = PBXBuildFile; fileRef = FC5B916F15ED7E1500B5B07C /* Cocoa.framework */; };
		FCCD0EC018F0B91F00455D95 /* AppDelegate.m in Sources */ = {isa = PBXBuildFile; fileRef = FCCD0EBD18F0B91F00455D95 /* AppDelegate.m */; };
		FCCD0EC118F0B91F00455D95 /* main.m in Sources */ = {isa = PBXBuildFile; fileRef = FCCD0EBE18F0B91F00455D95 /* main.m */; };
		FCCD0EC218F0B91F00455D95 /* ServiceProvider.m in Sources */ = {isa = PBXBuildFile; fileRef = FCCD0EBF18F0B91F00455D95 /* ServiceProvider.m */; };
		FCCD0EC518F0B9F900455D95 /* MainMenu.xib in Resources */ = {isa = PBXBuildFile; fileRef = FCCD0EC318F0B9F900455D95 /* MainMenu.xib */; };
		FCCD0EC818F0BA0B00455D95 /* InfoPlist.strings in Resources */ = {isa = PBXBuildFile; fileRef = FCCD0EC618F0BA0B00455D95 /* InfoPlist.strings */; };
		FCCD0ECB18F0BA2700455D95 /* Credits.rtf in Resources */ = {isa = PBXBuildFile; fileRef = FCCD0EC918F0BA2700455D95 /* Credits.rtf */; };
		FCF5221915EEF72B007B61A2 /* Security.framework in Frameworks */ = {isa = PBXBuildFile; fileRef = FCF5221815EEF72B007B61A2 /* Security.framework */; };
/* End PBXBuildFile section */

/* Begin PBXFileReference section */
		9EA79F231B4307DB0054CA7E /* AppDelegate.h */ = {isa = PBXFileReference; fileEncoding = 4; lastKnownFileType = sourcecode.c.h; path = AppDelegate.h; sourceTree = "<group>"; };
		9EA79F261B4307DB0054CA7E /* Base64Anywhere.entitlements */ = {isa = PBXFileReference; fileEncoding = 4; lastKnownFileType = text.xml; path = Base64Anywhere.entitlements; sourceTree = "<group>"; };
		9EA79F271B4307DB0054CA7E /* ServiceProvider.h */ = {isa = PBXFileReference; fileEncoding = 4; lastKnownFileType = sourcecode.c.h; path = ServiceProvider.h; sourceTree = "<group>"; };
		9EA79F2A1B430BCD0054CA7E /* Base64Anywhere-Info.plist */ = {isa = PBXFileReference; fileEncoding = 4; lastKnownFileType = text.plist.xml; path = "Base64Anywhere-Info.plist"; sourceTree = "<group>"; };
		9EE0A75F1B3A6966002E8902 /* Images.xcassets */ = {isa = PBXFileReference; lastKnownFileType = folder.assetcatalog; path = Images.xcassets; sourceTree = "<group>"; };
		FC5B916B15ED7E1500B5B07C /* Base64Anywhere.app */ = {isa = PBXFileReference; explicitFileType = wrapper.application; includeInIndex = 0; path = Base64Anywhere.app; sourceTree = BUILT_PRODUCTS_DIR; };
		FC5B916F15ED7E1500B5B07C /* Cocoa.framework */ = {isa = PBXFileReference; lastKnownFileType = wrapper.framework; name = Cocoa.framework; path = System/Library/Frameworks/Cocoa.framework; sourceTree = SDKROOT; };
		FC5B917215ED7E1500B5B07C /* AppKit.framework */ = {isa = PBXFileReference; lastKnownFileType = wrapper.framework; name = AppKit.framework; path = System/Library/Frameworks/AppKit.framework; sourceTree = SDKROOT; };
		FC5B917315ED7E1500B5B07C /* CoreData.framework */ = {isa = PBXFileReference; lastKnownFileType = wrapper.framework; name = CoreData.framework; path = System/Library/Frameworks/CoreData.framework; sourceTree = SDKROOT; };
		FC5B917415ED7E1500B5B07C /* Foundation.framework */ = {isa = PBXFileReference; lastKnownFileType = wrapper.framework; name = Foundation.framework; path = System/Library/Frameworks/Foundation.framework; sourceTree = SDKROOT; };
		FC5B917D15ED7E1500B5B07C /* Base64Anywhere-Prefix.pch */ = {isa = PBXFileReference; lastKnownFileType = sourcecode.c.h; path = "Base64Anywhere-Prefix.pch"; sourceTree = "<group>"; };
		FCCD0EBD18F0B91F00455D95 /* AppDelegate.m */ = {isa = PBXFileReference; fileEncoding = 4; lastKnownFileType = sourcecode.c.objc; path = AppDelegate.m; sourceTree = SOURCE_ROOT; };
		FCCD0EBE18F0B91F00455D95 /* main.m */ = {isa = PBXFileReference; fileEncoding = 4; lastKnownFileType = sourcecode.c.objc; path = main.m; sourceTree = SOURCE_ROOT; };
		FCCD0EBF18F0B91F00455D95 /* ServiceProvider.m */ = {isa = PBXFileReference; fileEncoding = 4; lastKnownFileType = sourcecode.c.objc; path = ServiceProvider.m; sourceTree = SOURCE_ROOT; };
		FCCD0EC418F0B9F900455D95 /* en */ = {isa = PBXFileReference; lastKnownFileType = file.xib; name = en; path = en.lproj/MainMenu.xib; sourceTree = SOURCE_ROOT; };
		FCCD0EC718F0BA0B00455D95 /* en */ = {isa = PBXFileReference; lastKnownFileType = text.plist.strings; name = en; path = en.lproj/InfoPlist.strings; sourceTree = SOURCE_ROOT; };
		FCCD0ECA18F0BA2700455D95 /* en */ = {isa = PBXFileReference; lastKnownFileType = text.rtf; name = en; path = en.lproj/Credits.rtf; sourceTree = SOURCE_ROOT; };
		FCF5221815EEF72B007B61A2 /* Security.framework */ = {isa = PBXFileReference; lastKnownFileType = wrapper.framework; name = Security.framework; path = System/Library/Frameworks/Security.framework; sourceTree = SDKROOT; };
/* End PBXFileReference section */

/* Begin PBXFrameworksBuildPhase section */
		FC5B916815ED7E1500B5B07C /* Frameworks */ = {
			isa = PBXFrameworksBuildPhase;
			buildActionMask = 2147483647;
			files = (
				FCF5221915EEF72B007B61A2 /* Security.framework in Frameworks */,
				FC5B917015ED7E1500B5B07C /* Cocoa.framework in Frameworks */,
			);
			runOnlyForDeploymentPostprocessing = 0;
		};
/* End PBXFrameworksBuildPhase section */

/* Begin PBXGroup section */
		FC5B916015ED7E1400B5B07C = {
			isa = PBXGroup;
			children = (
				FCF5221815EEF72B007B61A2 /* Security.framework */,
				FC5B917515ED7E1500B5B07C /* Base64Anywhere */,
				FC5B916E15ED7E1500B5B07C /* Frameworks */,
				FC5B916C15ED7E1500B5B07C /* Products */,
			);
			sourceTree = "<group>";
		};
		FC5B916C15ED7E1500B5B07C /* Products */ = {
			isa = PBXGroup;
			children = (
				FC5B916B15ED7E1500B5B07C /* Base64Anywhere.app */,
			);
			name = Products;
			sourceTree = "<group>";
		};
		FC5B916E15ED7E1500B5B07C /* Frameworks */ = {
			isa = PBXGroup;
			children = (
				FC5B916F15ED7E1500B5B07C /* Cocoa.framework */,
				FC5B917115ED7E1500B5B07C /* Other Frameworks */,
			);
			name = Frameworks;
			sourceTree = "<group>";
		};
		FC5B917115ED7E1500B5B07C /* Other Frameworks */ = {
			isa = PBXGroup;
			children = (
				FC5B917215ED7E1500B5B07C /* AppKit.framework */,
				FC5B917315ED7E1500B5B07C /* CoreData.framework */,
				FC5B917415ED7E1500B5B07C /* Foundation.framework */,
			);
			name = "Other Frameworks";
			sourceTree = "<group>";
		};
		FC5B917515ED7E1500B5B07C /* Base64Anywhere */ = {
			isa = PBXGroup;
			children = (
				9EA79F231B4307DB0054CA7E /* AppDelegate.h */,
				9EA79F261B4307DB0054CA7E /* Base64Anywhere.entitlements */,
				9EA79F271B4307DB0054CA7E /* ServiceProvider.h */,
				FCCD0EC318F0B9F900455D95 /* MainMenu.xib */,
				FCCD0EBD18F0B91F00455D95 /* AppDelegate.m */,
				FCCD0EBE18F0B91F00455D95 /* main.m */,
				FCCD0EBF18F0B91F00455D95 /* ServiceProvider.m */,
				9EE0A75F1B3A6966002E8902 /* Images.xcassets */,
				FC5B917615ED7E1500B5B07C /* Supporting Files */,
			);
			path = Base64Anywhere;
			sourceTree = "<group>";
		};
		FC5B917615ED7E1500B5B07C /* Supporting Files */ = {
			isa = PBXGroup;
			children = (
				9EA79F2A1B430BCD0054CA7E /* Base64Anywhere-Info.plist */,
				FCCD0EC618F0BA0B00455D95 /* InfoPlist.strings */,
				FCCD0EC918F0BA2700455D95 /* Credits.rtf */,
				FC5B917D15ED7E1500B5B07C /* Base64Anywhere-Prefix.pch */,
			);
			name = "Supporting Files";
			sourceTree = "<group>";
		};
/* End PBXGroup section */

/* Begin PBXNativeTarget section */
		FC5B916A15ED7E1500B5B07C /* Base64Anywhere */ = {
			isa = PBXNativeTarget;
			buildConfigurationList = FC5B918915ED7E1500B5B07C /* Build configuration list for PBXNativeTarget "Base64Anywhere" */;
			buildPhases = (
				FC5B916715ED7E1500B5B07C /* Sources */,
				FC5B916815ED7E1500B5B07C /* Frameworks */,
				FC5B916915ED7E1500B5B07C /* Resources */,
			);
			buildRules = (
			);
			dependencies = (
			);
			name = Base64Anywhere;
			productName = Base64Anywhere;
			productReference = FC5B916B15ED7E1500B5B07C /* Base64Anywhere.app */;
			productType = "com.apple.product-type.application";
		};
/* End PBXNativeTarget section */

/* Begin PBXProject section */
		FC5B916215ED7E1400B5B07C /* Project object */ = {
			isa = PBXProject;
			attributes = {
				LastUpgradeCheck = 0630;
				ORGANIZATIONNAME = implbits;
				TargetAttributes = {
					FC5B916A15ED7E1500B5B07C = {
						DevelopmentTeam = 84CX82JAPN;
						SystemCapabilities = {
							com.apple.Sandbox = {
								enabled = 1;
							};
						};
					};
				};
			};
			buildConfigurationList = FC5B916515ED7E1400B5B07C /* Build configuration list for PBXProject "Base64Anywhere" */;
			compatibilityVersion = "Xcode 3.2";
			developmentRegion = English;
			hasScannedForEncodings = 0;
			knownRegions = (
				en,
			);
			mainGroup = FC5B916015ED7E1400B5B07C;
			productRefGroup = FC5B916C15ED7E1500B5B07C /* Products */;
			projectDirPath = "";
			projectRoot = "";
			targets = (
				FC5B916A15ED7E1500B5B07C /* Base64Anywhere */,
			);
		};
/* End PBXProject section */

/* Begin PBXResourcesBuildPhase section */
		FC5B916915ED7E1500B5B07C /* Resources */ = {
			isa = PBXResourcesBuildPhase;
			buildActionMask = 2147483647;
			files = (
				9EA79F2B1B430BCD0054CA7E /* Base64Anywhere-Info.plist in Resources */,
				9EA79F291B4307DB0054CA7E /* Base64Anywhere.entitlements in Resources */,
				FCCD0EC818F0BA0B00455D95 /* InfoPlist.strings in Resources */,
				9EE0A7601B3A6966002E8902 /* Images.xcassets in Resources */,
				FCCD0EC518F0B9F900455D95 /* MainMenu.xib in Resources */,
				FCCD0ECB18F0BA2700455D95 /* Credits.rtf in Resources */,
			);
			runOnlyForDeploymentPostprocessing = 0;
		};
/* End PBXResourcesBuildPhase section */

/* Begin PBXSourcesBuildPhase section */
		FC5B916715ED7E1500B5B07C /* Sources */ = {
			isa = PBXSourcesBuildPhase;
			buildActionMask = 2147483647;
			files = (
				FCCD0EC218F0B91F00455D95 /* ServiceProvider.m in Sources */,
				FCCD0EC118F0B91F00455D95 /* main.m in Sources */,
				FCCD0EC018F0B91F00455D95 /* AppDelegate.m in Sources */,
			);
			runOnlyForDeploymentPostprocessing = 0;
		};
/* End PBXSourcesBuildPhase section */

/* Begin PBXVariantGroup section */
		FCCD0EC318F0B9F900455D95 /* MainMenu.xib */ = {
			isa = PBXVariantGroup;
			children = (
				FCCD0EC418F0B9F900455D95 /* en */,
			);
			name = MainMenu.xib;
			sourceTree = "<group>";
		};
		FCCD0EC618F0BA0B00455D95 /* InfoPlist.strings */ = {
			isa = PBXVariantGroup;
			children = (
				FCCD0EC718F0BA0B00455D95 /* en */,
			);
			name = InfoPlist.strings;
			sourceTree = "<group>";
		};
		FCCD0EC918F0BA2700455D95 /* Credits.rtf */ = {
			isa = PBXVariantGroup;
			children = (
				FCCD0ECA18F0BA2700455D95 /* en */,
			);
			name = Credits.rtf;
			sourceTree = "<group>";
		};
/* End PBXVariantGroup section */

/* Begin XCBuildConfiguration section */
		FC5B918715ED7E1500B5B07C /* Debug */ = {
			isa = XCBuildConfiguration;
			buildSettings = {
				ALWAYS_SEARCH_USER_PATHS = NO;
				CLANG_CXX_LANGUAGE_STANDARD = "gnu++0x";
				CLANG_WARN__DUPLICATE_METHOD_MATCH = YES;
				CODE_SIGN_IDENTITY = "3rd Party Mac Developer Application: Implbits Software LLC";
				COPY_PHASE_STRIP = NO;
				GCC_C_LANGUAGE_STANDARD = gnu99;
				GCC_DYNAMIC_NO_PIC = NO;
				GCC_ENABLE_OBJC_EXCEPTIONS = YES;
				GCC_OPTIMIZATION_LEVEL = 0;
				GCC_PREPROCESSOR_DEFINITIONS = (
					"DEBUG=1",
					"$(inherited)",
				);
				GCC_SYMBOLS_PRIVATE_EXTERN = NO;
				GCC_WARN_64_TO_32_BIT_CONVERSION = YES;
				GCC_WARN_ABOUT_RETURN_TYPE = YES;
				GCC_WARN_UNINITIALIZED_AUTOS = YES;
				GCC_WARN_UNUSED_VARIABLE = YES;
				MACOSX_DEPLOYMENT_TARGET = 10.7;
				ONLY_ACTIVE_ARCH = YES;
				PROVISIONING_PROFILE = "";
				SDKROOT = macosx;
			};
			name = Debug;
		};
		FC5B918815ED7E1500B5B07C /* Release */ = {
			isa = XCBuildConfiguration;
			buildSettings = {
				ALWAYS_SEARCH_USER_PATHS = NO;
				CLANG_CXX_LANGUAGE_STANDARD = "gnu++0x";
				CLANG_WARN__DUPLICATE_METHOD_MATCH = YES;
				CODE_SIGN_IDENTITY = "3rd Party Mac Developer Application: Implbits Software LLC";
				COPY_PHASE_STRIP = YES;
				DEBUG_INFORMATION_FORMAT = "dwarf-with-dsym";
				GCC_C_LANGUAGE_STANDARD = gnu99;
				GCC_ENABLE_OBJC_EXCEPTIONS = YES;
				GCC_WARN_64_TO_32_BIT_CONVERSION = YES;
				GCC_WARN_ABOUT_RETURN_TYPE = YES;
				GCC_WARN_UNINITIALIZED_AUTOS = YES;
				GCC_WARN_UNUSED_VARIABLE = YES;
				MACOSX_DEPLOYMENT_TARGET = 10.7;
				PROVISIONING_PROFILE = "7d4154cc-4ec6-4d86-86b6-d9b7987cfa46";
				SDKROOT = macosx;
			};
			name = Release;
		};
		FC5B918A15ED7E1500B5B07C /* Debug */ = {
			isa = XCBuildConfiguration;
			buildSettings = {
				ASSETCATALOG_COMPILER_APPICON_NAME = AppIcon;
				CLANG_ENABLE_OBJC_ARC = YES;
				CODE_SIGN_ENTITLEMENTS = Base64Anywhere.entitlements;
				CODE_SIGN_IDENTITY = "Mac Developer";
				"CODE_SIGN_IDENTITY[sdk=macosx*]" = "Mac Developer";
				COMBINE_HIDPI_IMAGES = YES;
				GCC_PRECOMPILE_PREFIX_HEADER = YES;
				GCC_PREFIX_HEADER = "Base64Anywhere-Prefix.pch";
				INFOPLIST_FILE = "$(SRCROOT)/Base64Anywhere-Info.plist";
				MACOSX_DEPLOYMENT_TARGET = 10.7;
				PRODUCT_NAME = "$(TARGET_NAME)";
				PROVISIONING_PROFILE = "";
				WRAPPER_EXTENSION = app;
			};
			name = Debug;
		};
		FC5B918B15ED7E1500B5B07C /* Release */ = {
			isa = XCBuildConfiguration;
			buildSettings = {
				ASSETCATALOG_COMPILER_APPICON_NAME = AppIcon;
				CLANG_ENABLE_OBJC_ARC = YES;
				CODE_SIGN_ENTITLEMENTS = Base64Anywhere.entitlements;
				CODE_SIGN_IDENTITY = "Mac Developer";
				"CODE_SIGN_IDENTITY[sdk=macosx*]" = "Mac Developer";
				COMBINE_HIDPI_IMAGES = YES;
				GCC_PRECOMPILE_PREFIX_HEADER = YES;
				GCC_PREFIX_HEADER = "Base64Anywhere-Prefix.pch";
				INFOPLIST_FILE = "$(SRCROOT)/Base64Anywhere-Info.plist";
				MACOSX_DEPLOYMENT_TARGET = 10.7;
				PRODUCT_NAME = "$(TARGET_NAME)";
				PROVISIONING_PROFILE = "";
				WRAPPER_EXTENSION = app;
			};
			name = Release;
		};
/* End XCBuildConfiguration section */

/* Begin XCConfigurationList section */
		FC5B916515ED7E1400B5B07C /* Build configuration list for PBXProject "Base64Anywhere" */ = {
			isa = XCConfigurationList;
			buildConfigurations = (
				FC5B918715ED7E1500B5B07C /* Debug */,
				FC5B918815ED7E1500B5B07C /* Release */,
			);
			defaultConfigurationIsVisible = 0;
			defaultConfigurationName = Release;
		};
		FC5B918915ED7E1500B5B07C /* Build configuration list for PBXNativeTarget "Base64Anywhere" */ = {
			isa = XCConfigurationList;
			buildConfigurations = (
				FC5B918A15ED7E1500B5B07C /* Debug */,
				FC5B918B15ED7E1500B5B07C /* Release */,
			);
			defaultConfigurationIsVisible = 0;
			defaultConfigurationName = Release;
		};
/* End XCConfigurationList section */
	};
	rootObject = FC5B916215ED7E1400B5B07C /* Project object */;
}
